
Microsoft Visual Studio Solution File, Format Version 12.00
# Visual Studio Version 16
VisualStudioVersion = 16.0.30517.126
MinimumVisualStudioVersion = 10.0.40219.1
Project("{FAE04EC0-301F-11D3-BF4B-00C04F79EFBC}") = "ServerCodeMtk-P2-014", "ServerCodeMtk-P2-014\ServerCodeMtk-P2-014.csproj", "{ED99A845-52FE-48E8-9A6A-B227F8DB2BE6}"
EndProject
Global
	GlobalSection(SolutionConfigurationPlatforms) = preSolution
		Debug|Any CPU = Debug|Any CPU
		Release|Any CPU = Release|Any CPU
	EndGlobalSection
	GlobalSection(ProjectConfigurationPlatforms) = postSolution
		{ED99A845-52FE-48E8-9A6A-B227F8DB2BE6}.Debug|Any CPU.ActiveCfg = Debug|Any CPU
		{ED99A845-52FE-48E8-9A6A-B227F8DB2BE6}.Debug|Any CPU.Build.0 = Debug|Any CPU
		{ED99A845-52FE-48E8-9A6A-B227F8DB2BE6}.Release|Any CPU.ActiveCfg = Release|Any CPU
		{ED99A845-52FE-48E8-9A6A-B227F8DB2BE6}.Release|Any CPU.Build.0 = Release|Any CPU
	EndGlobalSection
	GlobalSection(SolutionProperties) = preSolution
		HideSolutionNode = FALSE
	EndGlobalSection
	GlobalSection(ExtensibilityGlobals) = postSolution
		SolutionGuid = {3322AE5E-81C6-47AF-B8F2-9E714978220A}
	EndGlobalSection
EndGlobal
